
Microsoft Visual Studio Solution File, Format Version 12.00
# Visual Studio Version 17
VisualStudioVersion = 17.0.31903.59
MinimumVisualStudioVersion = 10.0.40219.1
Project("{2150E333-8FDC-42A3-9474-1A3956D46DE8}") = "src", "src", "{827E0CD3-B72D-47B6-A68D-7590B98EB39B}"
EndProject
Project("{FAE04EC0-301F-11D3-BF4B-00C04F79EFBC}") = "UCLMS.Domain", "src\UCLMS.Domain\UCLMS.Domain.csproj", "{B8FD53BF-B3C5-4786-95EC-18A52C29D309}"
EndProject
Project("{FAE04EC0-301F-11D3-BF4B-00C04F79EFBC}") = "UCLMS.Shared", "src\UCLMS.Shared\UCLMS.Shared.csproj", "{3CA049D6-60D4-4A08-B0C8-931DDCB4D457}"
EndProject
Project("{FAE04EC0-301F-11D3-BF4B-00C04F79EFBC}") = "UCLMS.Application", "src\UCLMS.Application\UCLMS.Application.csproj", "{DF17B8A7-C242-4263-9049-A9472294B3FF}"
EndProject
Project("{FAE04EC0-301F-11D3-BF4B-00C04F79EFBC}") = "UCLMS.Infrastructure", "src\UCLMS.Infrastructure\UCLMS.Infrastructure.csproj", "{598AC75E-06DB-4DC3-8AE5-9C2D4EAC5061}"
EndProject
Project("{FAE04EC0-301F-11D3-BF4B-00C04F79EFBC}") = "UCLMS.API", "src\UCLMS.API\UCLMS.API.csproj", "{7AA1F923-0AF2-4A51-8DEE-C76868139A13}"
EndProject
Project("{2150E333-8FDC-42A3-9474-1A3956D46DE8}") = "tests", "tests", "{0AB3BF05-4346-4AA6-1389-037BE0695223}"
EndProject
Project("{FAE04EC0-301F-11D3-BF4B-00C04F79EFBC}") = "UCLMS.Application.Tests", "tests\UCLMS.Application.Tests\UCLMS.Application.Tests.csproj", "{3EB93AC8-7324-4264-8F8F-A499504FC99A}"
EndProject
Project("{FAE04EC0-301F-11D3-BF4B-00C04F79EFBC}") = "UCLMS.Infrastructure.Tests", "tests\UCLMS.Infrastructure.Tests\UCLMS.Infrastructure.Tests.csproj", "{6DA77FE1-E176-4D8E-8245-E6B02412B743}"
EndProject
Global
	GlobalSection(SolutionConfigurationPlatforms) = preSolution
		Debug|Any CPU = Debug|Any CPU
		Debug|x64 = Debug|x64
		Debug|x86 = Debug|x86
		Release|Any CPU = Release|Any CPU
		Release|x64 = Release|x64
		Release|x86 = Release|x86
	EndGlobalSection
	GlobalSection(ProjectConfigurationPlatforms) = postSolution
		{B8FD53BF-B3C5-4786-95EC-18A52C29D309}.Debug|Any CPU.ActiveCfg = Debug|Any CPU
		{B8FD53BF-B3C5-4786-95EC-18A52C29D309}.Debug|Any CPU.Build.0 = Debug|Any CPU
		{B8FD53BF-B3C5-4786-95EC-18A52C29D309}.Debug|x64.ActiveCfg = Debug|Any CPU
		{B8FD53BF-B3C5-4786-95EC-18A52C29D309}.Debug|x64.Build.0 = Debug|Any CPU
		{B8FD53BF-B3C5-4786-95EC-18A52C29D309}.Debug|x86.ActiveCfg = Debug|Any CPU
		{B8FD53BF-B3C5-4786-95EC-18A52C29D309}.Debug|x86.Build.0 = Debug|Any CPU
		{B8FD53BF-B3C5-4786-95EC-18A52C29D309}.Release|Any CPU.ActiveCfg = Release|Any CPU
		{B8FD53BF-B3C5-4786-95EC-18A52C29D309}.Release|Any CPU.Build.0 = Release|Any CPU
		{B8FD53BF-B3C5-4786-95EC-18A52C29D309}.Release|x64.ActiveCfg = Release|Any CPU
		{B8FD53BF-B3C5-4786-95EC-18A52C29D309}.Release|x64.Build.0 = Release|Any CPU
		{B8FD53BF-B3C5-4786-95EC-18A52C29D309}.Release|x86.ActiveCfg = Release|Any CPU
		{B8FD53BF-B3C5-4786-95EC-18A52C29D309}.Release|x86.Build.0 = Release|Any CPU
		{3CA049D6-60D4-4A08-B0C8-931DDCB4D457}.Debug|Any CPU.ActiveCfg = Debug|Any CPU
		{3CA049D6-60D4-4A08-B0C8-931DDCB4D457}.Debug|Any CPU.Build.0 = Debug|Any CPU
		{3CA049D6-60D4-4A08-B0C8-931DDCB4D457}.Debug|x64.ActiveCfg = Debug|Any CPU
		{3CA049D6-60D4-4A08-B0C8-931DDCB4D457}.Debug|x64.Build.0 = Debug|Any CPU
		{3CA049D6-60D4-4A08-B0C8-931DDCB4D457}.Debug|x86.ActiveCfg = Debug|Any CPU
		{3CA049D6-60D4-4A08-B0C8-931DDCB4D457}.Debug|x86.Build.0 = Debug|Any CPU
		{3CA049D6-60D4-4A08-B0C8-931DDCB4D457}.Release|Any CPU.ActiveCfg = Release|Any CPU
		{3CA049D6-60D4-4A08-B0C8-931DDCB4D457}.Release|Any CPU.Build.0 = Release|Any CPU
		{3CA049D6-60D4-4A08-B0C8-931DDCB4D457}.Release|x64.ActiveCfg = Release|Any CPU
		{3CA049D6-60D4-4A08-B0C8-931DDCB4D457}.Release|x64.Build.0 = Release|Any CPU
		{3CA049D6-60D4-4A08-B0C8-931DDCB4D457}.Release|x86.ActiveCfg = Release|Any CPU
		{3CA049D6-60D4-4A08-B0C8-931DDCB4D457}.Release|x86.Build.0 = Release|Any CPU
		{DF17B8A7-C242-4263-9049-A9472294B3FF}.Debug|Any CPU.ActiveCfg = Debug|Any CPU
		{DF17B8A7-C242-4263-9049-A9472294B3FF}.Debug|Any CPU.Build.0 = Debug|Any CPU
		{DF17B8A7-C242-4263-9049-A9472294B3FF}.Debug|x64.ActiveCfg = Debug|Any CPU
		{DF17B8A7-C242-4263-9049-A9472294B3FF}.Debug|x64.Build.0 = Debug|Any CPU
		{DF17B8A7-C242-4263-9049-A9472294B3FF}.Debug|x86.ActiveCfg = Debug|Any CPU
		{DF17B8A7-C242-4263-9049-A9472294B3FF}.Debug|x86.Build.0 = Debug|Any CPU
		{DF17B8A7-C242-4263-9049-A9472294B3FF}.Release|Any CPU.ActiveCfg = Release|Any CPU
		{DF17B8A7-C242-4263-9049-A9472294B3FF}.Release|Any CPU.Build.0 = Release|Any CPU
		{DF17B8A7-C242-4263-9049-A9472294B3FF}.Release|x64.ActiveCfg = Release|Any CPU
		{DF17B8A7-C242-4263-9049-A9472294B3FF}.Release|x64.Build.0 = Release|Any CPU
		{DF17B8A7-C242-4263-9049-A9472294B3FF}.Release|x86.ActiveCfg = Release|Any CPU
		{DF17B8A7-C242-4263-9049-A9472294B3FF}.Release|x86.Build.0 = Release|Any CPU
		{598AC75E-06DB-4DC3-8AE5-9C2D4EAC5061}.Debug|Any CPU.ActiveCfg = Debug|Any CPU
		{598AC75E-06DB-4DC3-8AE5-9C2D4EAC5061}.Debug|Any CPU.Build.0 = Debug|Any CPU
		{598AC75E-06DB-4DC3-8AE5-9C2D4EAC5061}.Debug|x64.ActiveCfg = Debug|Any CPU
		{598AC75E-06DB-4DC3-8AE5-9C2D4EAC5061}.Debug|x64.Build.0 = Debug|Any CPU
		{598AC75E-06DB-4DC3-8AE5-9C2D4EAC5061}.Debug|x86.ActiveCfg = Debug|Any CPU
		{598AC75E-06DB-4DC3-8AE5-9C2D4EAC5061}.Debug|x86.Build.0 = Debug|Any CPU
		{598AC75E-06DB-4DC3-8AE5-9C2D4EAC5061}.Release|Any CPU.ActiveCfg = Release|Any CPU
		{598AC75E-06DB-4DC3-8AE5-9C2D4EAC5061}.Release|Any CPU.Build.0 = Release|Any CPU
		{598AC75E-06DB-4DC3-8AE5-9C2D4EAC5061}.Release|x64.ActiveCfg = Release|Any CPU
		{598AC75E-06DB-4DC3-8AE5-9C2D4EAC5061}.Release|x64.Build.0 = Release|Any CPU
		{598AC75E-06DB-4DC3-8AE5-9C2D4EAC5061}.Release|x86.ActiveCfg = Release|Any CPU
		{598AC75E-06DB-4DC3-8AE5-9C2D4EAC5061}.Release|x86.Build.0 = Release|Any CPU
		{7AA1F923-0AF2-4A51-8DEE-C76868139A13}.Debug|Any CPU.ActiveCfg = Debug|Any CPU
		{7AA1F923-0AF2-4A51-8DEE-C76868139A13}.Debug|Any CPU.Build.0 = Debug|Any CPU
		{7AA1F923-0AF2-4A51-8DEE-C76868139A13}.Debug|x64.ActiveCfg = Debug|Any CPU
		{7AA1F923-0AF2-4A51-8DEE-C76868139A13}.Debug|x64.Build.0 = Debug|Any CPU
		{7AA1F923-0AF2-4A51-8DEE-C76868139A13}.Debug|x86.ActiveCfg = Debug|Any CPU
		{7AA1F923-0AF2-4A51-8DEE-C76868139A13}.Debug|x86.Build.0 = Debug|Any CPU
		{7AA1F923-0AF2-4A51-8DEE-C76868139A13}.Release|Any CPU.ActiveCfg = Release|Any CPU
		{7AA1F923-0AF2-4A51-8DEE-C76868139A13}.Release|Any CPU.Build.0 = Release|Any CPU
		{7AA1F923-0AF2-4A51-8DEE-C76868139A13}.Release|x64.ActiveCfg = Release|Any CPU
		{7AA1F923-0AF2-4A51-8DEE-C76868139A13}.Release|x64.Build.0 = Release|Any CPU
		{7AA1F923-0AF2-4A51-8DEE-C76868139A13}.Release|x86.ActiveCfg = Release|Any CPU
		{7AA1F923-0AF2-4A51-8DEE-C76868139A13}.Release|x86.Build.0 = Release|Any CPU
		{3EB93AC8-7324-4264-8F8F-A499504FC99A}.Debug|Any CPU.ActiveCfg = Debug|Any CPU
		{3EB93AC8-7324-4264-8F8F-A499504FC99A}.Debug|Any CPU.Build.0 = Debug|Any CPU
		{3EB93AC8-7324-4264-8F8F-A499504FC99A}.Debug|x64.ActiveCfg = Debug|Any CPU
		{3EB93AC8-7324-4264-8F8F-A499504FC99A}.Debug|x64.Build.0 = Debug|Any CPU
		{3EB93AC8-7324-4264-8F8F-A499504FC99A}.Debug|x86.ActiveCfg = Debug|Any CPU
		{3EB93AC8-7324-4264-8F8F-A499504FC99A}.Debug|x86.Build.0 = Debug|Any CPU
		{3EB93AC8-7324-4264-8F8F-A499504FC99A}.Release|Any CPU.ActiveCfg = Release|Any CPU
		{3EB93AC8-7324-4264-8F8F-A499504FC99A}.Release|Any CPU.Build.0 = Release|Any CPU
		{3EB93AC8-7324-4264-8F8F-A499504FC99A}.Release|x64.ActiveCfg = Release|Any CPU
		{3EB93AC8-7324-4264-8F8F-A499504FC99A}.Release|x64.Build.0 = Release|Any CPU
		{3EB93AC8-7324-4264-8F8F-A499504FC99A}.Release|x86.ActiveCfg = Release|Any CPU
		{3EB93AC8-7324-4264-8F8F-A499504FC99A}.Release|x86.Build.0 = Release|Any CPU
		{6DA77FE1-E176-4D8E-8245-E6B02412B743}.Debug|Any CPU.ActiveCfg = Debug|Any CPU
		{6DA77FE1-E176-4D8E-8245-E6B02412B743}.Debug|Any CPU.Build.0 = Debug|Any CPU
		{6DA77FE1-E176-4D8E-8245-E6B02412B743}.Debug|x64.ActiveCfg = Debug|Any CPU
		{6DA77FE1-E176-4D8E-8245-E6B02412B743}.Debug|x64.Build.0 = Debug|Any CPU
		{6DA77FE1-E176-4D8E-8245-E6B02412B743}.Debug|x86.ActiveCfg = Debug|Any CPU
		{6DA77FE1-E176-4D8E-8245-E6B02412B743}.Debug|x86.Build.0 = Debug|Any CPU
		{6DA77FE1-E176-4D8E-8245-E6B02412B743}.Release|Any CPU.ActiveCfg = Release|Any CPU
		{6DA77FE1-E176-4D8E-8245-E6B02412B743}.Release|Any CPU.Build.0 = Release|Any CPU
		{6DA77FE1-E176-4D8E-8245-E6B02412B743}.Release|x64.ActiveCfg = Release|Any CPU
		{6DA77FE1-E176-4D8E-8245-E6B02412B743}.Release|x64.Build.0 = Release|Any CPU
		{6DA77FE1-E176-4D8E-8245-E6B02412B743}.Release|x86.ActiveCfg = Release|Any CPU
		{6DA77FE1-E176-4D8E-8245-E6B02412B743}.Release|x86.Build.0 = Release|Any CPU
	EndGlobalSection
	GlobalSection(SolutionProperties) = preSolution
		HideSolutionNode = FALSE
	EndGlobalSection
	GlobalSection(NestedProjects) = preSolution
		{B8FD53BF-B3C5-4786-95EC-18A52C29D309} = {827E0CD3-B72D-47B6-A68D-7590B98EB39B}
		{3CA049D6-60D4-4A08-B0C8-931DDCB4D457} = {827E0CD3-B72D-47B6-A68D-7590B98EB39B}
		{DF17B8A7-C242-4263-9049-A9472294B3FF} = {827E0CD3-B72D-47B6-A68D-7590B98EB39B}
		{598AC75E-06DB-4DC3-8AE5-9C2D4EAC5061} = {827E0CD3-B72D-47B6-A68D-7590B98EB39B}
		{7AA1F923-0AF2-4A51-8DEE-C76868139A13} = {827E0CD3-B72D-47B6-A68D-7590B98EB39B}
		{3EB93AC8-7324-4264-8F8F-A499504FC99A} = {0AB3BF05-4346-4AA6-1389-037BE0695223}
		{6DA77FE1-E176-4D8E-8245-E6B02412B743} = {0AB3BF05-4346-4AA6-1389-037BE0695223}
	EndGlobalSection
EndGlobal
